
Microsoft Visual Studio Solution File, Format Version 12.00
# Visual Studio Version 17
VisualStudioVersion = 17.11.35222.181
MinimumVisualStudioVersion = 10.0.40219.1
Project("{FAE04EC0-301F-11D3-BF4B-00C04F79EFBC}") = "Приклад 4", "Приклад 4.csproj", "{30979308-9D55-4CB0-AB22-2473FB776554}"
EndProject
Global
	GlobalSection(SolutionConfigurationPlatforms) = preSolution
		Debug|Any CPU = Debug|Any CPU
		Release|Any CPU = Release|Any CPU
	EndGlobalSection
	GlobalSection(ProjectConfigurationPlatforms) = postSolution
		{30979308-9D55-4CB0-AB22-2473FB776554}.Debug|Any CPU.ActiveCfg = Debug|Any CPU
		{30979308-9D55-4CB0-AB22-2473FB776554}.Debug|Any CPU.Build.0 = Debug|Any CPU
		{30979308-9D55-4CB0-AB22-2473FB776554}.Release|Any CPU.ActiveCfg = Release|Any CPU
		{30979308-9D55-4CB0-AB22-2473FB776554}.Release|Any CPU.Build.0 = Release|Any CPU
	EndGlobalSection
	GlobalSection(SolutionProperties) = preSolution
		HideSolutionNode = FALSE
	EndGlobalSection
	GlobalSection(ExtensibilityGlobals) = postSolution
		SolutionGuid = {DF094F87-A1B1-47BD-BC1F-C502411F2B2F}
	EndGlobalSection
EndGlobal
